// !$*UTF8*$!
{
	archiveVersion = 1;
	classes = {
	};
	objectVersion = 56;
	objects = {

/* Begin PBXBuildFile section */
		3965BABC293CA05B00D86171 /* AppDelegate.swift in Sources */ = {isa = PBXBuildFile; fileRef = 3965BABB293CA05B00D86171 /* AppDelegate.swift */; };
		3965BABE293CA05B00D86171 /* ViewController.swift in Sources */ = {isa = PBXBuildFile; fileRef = 3965BABD293CA05B00D86171 /* ViewController.swift */; };
		3965BAC0293CA05C00D86171 /* Assets.xcassets in Resources */ = {isa = PBXBuildFile; fileRef = 3965BABF293CA05C00D86171 /* Assets.xcassets */; };
		3965BAC3293CA05C00D86171 /* Main.storyboard in Resources */ = {isa = PBXBuildFile; fileRef = 3965BAC1293CA05C00D86171 /* Main.storyboard */; };
		39A65913293CAC24001EC602 /* LNSearchablePopUpButton in Frameworks */ = {isa = PBXBuildFile; productRef = 39A65912293CAC24001EC602 /* LNSearchablePopUpButton */; };
/* End PBXBuildFile section */

/* Begin PBXFileReference section */
		3965BAB8293CA05B00D86171 /* LNSearchablePopUpButtonExample.app */ = {isa = PBXFileReference; explicitFileType = wrapper.application; includeInIndex = 0; path = LNSearchablePopUpButtonExample.app; sourceTree = BUILT_PRODUCTS_DIR; };
		3965BABB293CA05B00D86171 /* AppDelegate.swift */ = {isa = PBXFileReference; lastKnownFileType = sourcecode.swift; path = AppDelegate.swift; sourceTree = "<group>"; };
		3965BABD293CA05B00D86171 /* ViewController.swift */ = {isa = PBXFileReference; lastKnownFileType = sourcecode.swift; path = ViewController.swift; sourceTree = "<group>"; };
		3965BABF293CA05C00D86171 /* Assets.xcassets */ = {isa = PBXFileReference; lastKnownFileType = folder.assetcatalog; path = Assets.xcassets; sourceTree = "<group>"; };
		3965BAC2293CA05C00D86171 /* Base */ = {isa = PBXFileReference; lastKnownFileType = file.storyboard; name = Base; path = Base.lproj/Main.storyboard; sourceTree = "<group>"; };
		3965BAC4293CA05C00D86171 /* LNSearchablePopUpButtonExample.entitlements */ = {isa = PBXFileReference; lastKnownFileType = text.plist.entitlements; path = LNSearchablePopUpButtonExample.entitlements; sourceTree = "<group>"; };
		39A65910293CAC0C001EC602 /* LNSearchablePopUpButton */ = {isa = PBXFileReference; lastKnownFileType = wrapper; name = LNSearchablePopUpButton; path = ..; sourceTree = "<group>"; };
/* End PBXFileReference section */

/* Begin PBXFrameworksBuildPhase section */
		3965BAB5293CA05B00D86171 /* Frameworks */ = {
			isa = PBXFrameworksBuildPhase;
			buildActionMask = 2147483647;
			files = (
				39A65913293CAC24001EC602 /* LNSearchablePopUpButton in Frameworks */,
			);
			runOnlyForDeploymentPostprocessing = 0;
		};
/* End PBXFrameworksBuildPhase section */

/* Begin PBXGroup section */
		3965BAAF293CA05B00D86171 = {
			isa = PBXGroup;
			children = (
				39A65910293CAC0C001EC602 /* LNSearchablePopUpButton */,
				3965BABA293CA05B00D86171 /* LNSearchablePopUpButtonExample */,
				3965BAB9293CA05B00D86171 /* Products */,
				39A65911293CAC24001EC602 /* Frameworks */,
			);
			sourceTree = "<group>";
		};
		3965BAB9293CA05B00D86171 /* Products */ = {
			isa = PBXGroup;
			children = (
				3965BAB8293CA05B00D86171 /* LNSearchablePopUpButtonExample.app */,
			);
			name = Products;
			sourceTree = "<group>";
		};
		3965BABA293CA05B00D86171 /* LNSearchablePopUpButtonExample */ = {
			isa = PBXGroup;
			children = (
				3965BABB293CA05B00D86171 /* AppDelegate.swift */,
				3965BABD293CA05B00D86171 /* ViewController.swift */,
				3965BABF293CA05C00D86171 /* Assets.xcassets */,
				3965BAC1293CA05C00D86171 /* Main.storyboard */,
				3965BAC4293CA05C00D86171 /* LNSearchablePopUpButtonExample.entitlements */,
			);
			path = LNSearchablePopUpButtonExample;
			sourceTree = "<group>";
		};
		39A65911293CAC24001EC602 /* Frameworks */ = {
			isa = PBXGroup;
			children = (
			);
			name = Frameworks;
			sourceTree = "<group>";
		};
/* End PBXGroup section */

/* Begin PBXNativeTarget section */
		3965BAB7293CA05B00D86171 /* LNSearchablePopUpButtonExample */ = {
			isa = PBXNativeTarget;
			buildConfigurationList = 3965BAC7293CA05C00D86171 /* Build configuration list for PBXNativeTarget "LNSearchablePopUpButtonExample" */;
			buildPhases = (
				3965BAB4293CA05B00D86171 /* Sources */,
				3965BAB5293CA05B00D86171 /* Frameworks */,
				3965BAB6293CA05B00D86171 /* Resources */,
			);
			buildRules = (
			);
			dependencies = (
			);
			name = LNSearchablePopUpButtonExample;
			packageProductDependencies = (
				39A65912293CAC24001EC602 /* LNSearchablePopUpButton */,
			);
			productName = LNSearchablePopUpButtonExample;
			productReference = 3965BAB8293CA05B00D86171 /* LNSearchablePopUpButtonExample.app */;
			productType = "com.apple.product-type.application";
		};
/* End PBXNativeTarget section */

/* Begin PBXProject section */
		3965BAB0293CA05B00D86171 /* Project object */ = {
			isa = PBXProject;
			attributes = {
				BuildIndependentTargetsInParallel = 1;
				LastSwiftUpdateCheck = 1410;
				LastUpgradeCheck = 1410;
				TargetAttributes = {
					3965BAB7293CA05B00D86171 = {
						CreatedOnToolsVersion = 14.1;
					};
				};
			};
			buildConfigurationList = 3965BAB3293CA05B00D86171 /* Build configuration list for PBXProject "LNSearchablePopUpButtonExample" */;
			compatibilityVersion = "Xcode 14.0";
			developmentRegion = en;
			hasScannedForEncodings = 0;
			knownRegions = (
				en,
				Base,
			);
			mainGroup = 3965BAAF293CA05B00D86171;
			productRefGroup = 3965BAB9293CA05B00D86171 /* Products */;
			projectDirPath = "";
			projectRoot = "";
			targets = (
				3965BAB7293CA05B00D86171 /* LNSearchablePopUpButtonExample */,
			);
		};
/* End PBXProject section */

/* Begin PBXResourcesBuildPhase section */
		3965BAB6293CA05B00D86171 /* Resources */ = {
			isa = PBXResourcesBuildPhase;
			buildActionMask = 2147483647;
			files = (
				3965BAC0293CA05C00D86171 /* Assets.xcassets in Resources */,
				3965BAC3293CA05C00D86171 /* Main.storyboard in Resources */,
			);
			runOnlyForDeploymentPostprocessing = 0;
		};
/* End PBXResourcesBuildPhase section */

/* Begin PBXSourcesBuildPhase section */
		3965BAB4293CA05B00D86171 /* Sources */ = {
			isa = PBXSourcesBuildPhase;
			buildActionMask = 2147483647;
			files = (
				3965BABE293CA05B00D86171 /* ViewController.swift in Sources */,
				3965BABC293CA05B00D86171 /* AppDelegate.swift in Sources */,
			);
			runOnlyForDeploymentPostprocessing = 0;
		};
/* End PBXSourcesBuildPhase section */

/* Begin PBXVariantGroup section */
		3965BAC1293CA05C00D86171 /* Main.storyboard */ = {
			isa = PBXVariantGroup;
			children = (
				3965BAC2293CA05C00D86171 /* Base */,
			);
			name = Main.storyboard;
			sourceTree = "<group>";
		};
/* End PBXVariantGroup section */

/* Begin XCBuildConfiguration section */
		3965BAC5293CA05C00D86171 /* Debug */ = {
			isa = XCBuildConfiguration;
			buildSettings = {
				ALWAYS_SEARCH_USER_PATHS = NO;
				CLANG_ANALYZER_NONNULL = YES;
				CLANG_ANALYZER_NUMBER_OBJECT_CONVERSION = YES_AGGRESSIVE;
				CLANG_CXX_LANGUAGE_STANDARD = "gnu++20";
				CLANG_ENABLE_MODULES = YES;
				CLANG_ENABLE_OBJC_ARC = YES;
				CLANG_ENABLE_OBJC_WEAK = YES;
				CLANG_WARN_BLOCK_CAPTURE_AUTORELEASING = YES;
				CLANG_WARN_BOOL_CONVERSION = YES;
				CLANG_WARN_COMMA = YES;
				CLANG_WARN_CONSTANT_CONVERSION = YES;
				CLANG_WARN_DEPRECATED_OBJC_IMPLEMENTATIONS = YES;
				CLANG_WARN_DIRECT_OBJC_ISA_USAGE = YES_ERROR;
				CLANG_WARN_DOCUMENTATION_COMMENTS = YES;
				CLANG_WARN_EMPTY_BODY = YES;
				CLANG_WARN_ENUM_CONVERSION = YES;
				CLANG_WARN_INFINITE_RECURSION = YES;
				CLANG_WARN_INT_CONVERSION = YES;
				CLANG_WARN_NON_LITERAL_NULL_CONVERSION = YES;
				CLANG_WARN_OBJC_IMPLICIT_RETAIN_SELF = YES;
				CLANG_WARN_OBJC_LITERAL_CONVERSION = YES;
				CLANG_WARN_OBJC_ROOT_CLASS = YES_ERROR;
				CLANG_WARN_QUOTED_INCLUDE_IN_FRAMEWORK_HEADER = YES;
				CLANG_WARN_RANGE_LOOP_ANALYSIS = YES;
				CLANG_WARN_STRICT_PROTOTYPES = YES;
				CLANG_WARN_SUSPICIOUS_MOVE = YES;
				CLANG_WARN_UNGUARDED_AVAILABILITY = YES_AGGRESSIVE;
				CLANG_WARN_UNREACHABLE_CODE = YES;
				CLANG_WARN__DUPLICATE_METHOD_MATCH = YES;
				COPY_PHASE_STRIP = NO;
				DEBUG_INFORMATION_FORMAT = dwarf;
				ENABLE_STRICT_OBJC_MSGSEND = YES;
				ENABLE_TESTABILITY = YES;
				GCC_C_LANGUAGE_STANDARD = gnu11;
				GCC_DYNAMIC_NO_PIC = NO;
				GCC_NO_COMMON_BLOCKS = YES;
				GCC_OPTIMIZATION_LEVEL = 0;
				GCC_PREPROCESSOR_DEFINITIONS = (
					"DEBUG=1",
					"$(inherited)",
				);
				GCC_WARN_64_TO_32_BIT_CONVERSION = YES;
				GCC_WARN_ABOUT_RETURN_TYPE = YES_ERROR;
				GCC_WARN_UNDECLARED_SELECTOR = YES;
				GCC_WARN_UNINITIALIZED_AUTOS = YES_AGGRESSIVE;
				GCC_WARN_UNUSED_FUNCTION = YES;
				GCC_WARN_UNUSED_VARIABLE = YES;
				MACOSX_DEPLOYMENT_TARGET = 13.0;
				MTL_ENABLE_DEBUG_INFO = INCLUDE_SOURCE;
				MTL_FAST_MATH = YES;
				ONLY_ACTIVE_ARCH = YES;
				SDKROOT = macosx;
				SWIFT_ACTIVE_COMPILATION_CONDITIONS = DEBUG;
				SWIFT_OPTIMIZATION_LEVEL = "-Onone";
			};
			name = Debug;
		};
		3965BAC6293CA05C00D86171 /* Release */ = {
			isa = XCBuildConfiguration;
			buildSettings = {
				ALWAYS_SEARCH_USER_PATHS = NO;
				CLANG_ANALYZER_NONNULL = YES;
				CLANG_ANALYZER_NUMBER_OBJECT_CONVERSION = YES_AGGRESSIVE;
				CLANG_CXX_LANGUAGE_STANDARD = "gnu++20";
				CLANG_ENABLE_MODULES = YES;
				CLANG_ENABLE_OBJC_ARC = YES;
				CLANG_ENABLE_OBJC_WEAK = YES;
				CLANG_WARN_BLOCK_CAPTURE_AUTORELEASING = YES;
				CLANG_WARN_BOOL_CONVERSION = YES;
				CLANG_WARN_COMMA = YES;
				CLANG_WARN_CONSTANT_CONVERSION = YES;
				CLANG_WARN_DEPRECATED_OBJC_IMPLEMENTATIONS = YES;
				CLANG_WARN_DIRECT_OBJC_ISA_USAGE = YES_ERROR;
				CLANG_WARN_DOCUMENTATION_COMMENTS = YES;
				CLANG_WARN_EMPTY_BODY = YES;
				CLANG_WARN_ENUM_CONVERSION = YES;
				CLANG_WARN_INFINITE_RECURSION = YES;
				CLANG_WARN_INT_CONVERSION = YES;
				CLANG_WARN_NON_LITERAL_NULL_CONVERSION = YES;
				CLANG_WARN_OBJC_IMPLICIT_RETAIN_SELF = YES;
				CLANG_WARN_OBJC_LITERAL_CONVERSION = YES;
				CLANG_WARN_OBJC_ROOT_CLASS = YES_ERROR;
				CLANG_WARN_QUOTED_INCLUDE_IN_FRAMEWORK_HEADER = YES;
				CLANG_WARN_RANGE_LOOP_ANALYSIS = YES;
				CLANG_WARN_STRICT_PROTOTYPES = YES;
				CLANG_WARN_SUSPICIOUS_MOVE = YES;
				CLANG_WARN_UNGUARDED_AVAILABILITY = YES_AGGRESSIVE;
				CLANG_WARN_UNREACHABLE_CODE = YES;
				CLANG_WARN__DUPLICATE_METHOD_MATCH = YES;
				COPY_PHASE_STRIP = NO;
				DEBUG_INFORMATION_FORMAT = "dwarf-with-dsym";
				ENABLE_NS_ASSERTIONS = NO;
				ENABLE_STRICT_OBJC_MSGSEND = YES;
				GCC_C_LANGUAGE_STANDARD = gnu11;
				GCC_NO_COMMON_BLOCKS = YES;
				GCC_WARN_64_TO_32_BIT_CONVERSION = YES;
				GCC_WARN_ABOUT_RETURN_TYPE = YES_ERROR;
				GCC_WARN_UNDECLARED_SELECTOR = YES;
				GCC_WARN_UNINITIALIZED_AUTOS = YES_AGGRESSIVE;
				GCC_WARN_UNUSED_FUNCTION = YES;
				GCC_WARN_UNUSED_VARIABLE = YES;
				MACOSX_DEPLOYMENT_TARGET = 13.0;
				MTL_ENABLE_DEBUG_INFO = NO;
				MTL_FAST_MATH = YES;
				SDKROOT = macosx;
				SWIFT_COMPILATION_MODE = wholemodule;
				SWIFT_OPTIMIZATION_LEVEL = "-O";
			};
			name = Release;
		};
		3965BAC8293CA05C00D86171 /* Debug */ = {
			isa = XCBuildConfiguration;
			buildSettings = {
				ASSETCATALOG_COMPILER_APPICON_NAME = AppIcon;
				ASSETCATALOG_COMPILER_GLOBAL_ACCENT_COLOR_NAME = AccentColor;
				CODE_SIGN_ENTITLEMENTS = LNSearchablePopUpButtonExample/LNSearchablePopUpButtonExample.entitlements;
				CODE_SIGN_STYLE = Automatic;
				COMBINE_HIDPI_IMAGES = YES;
				CURRENT_PROJECT_VERSION = 1;
				DEVELOPMENT_TEAM = S9QFG2VH2E;
				ENABLE_HARDENED_RUNTIME = YES;
				GENERATE_INFOPLIST_FILE = YES;
				INFOPLIST_KEY_NSHumanReadableCopyright = "";
				INFOPLIST_KEY_NSMainStoryboardFile = Main;
				INFOPLIST_KEY_NSPrincipalClass = NSApplication;
				LD_RUNPATH_SEARCH_PATHS = (
					"$(inherited)",
					"@executable_path/../Frameworks",
				);
				MARKETING_VERSION = 1.0;
				PRODUCT_BUNDLE_IDENTIFIER = com.LeoNatan.LNSearchablePopUpButtonExample;
				PRODUCT_NAME = "$(TARGET_NAME)";
				SWIFT_EMIT_LOC_STRINGS = YES;
				SWIFT_VERSION = 5.0;
			};
			name = Debug;
		};
		3965BAC9293CA05C00D86171 /* Release */ = {
			isa = XCBuildConfiguration;
			buildSettings = {
				ASSETCATALOG_COMPILER_APPICON_NAME = AppIcon;
				ASSETCATALOG_COMPILER_GLOBAL_ACCENT_COLOR_NAME = AccentColor;
				CODE_SIGN_ENTITLEMENTS = LNSearchablePopUpButtonExample/LNSearchablePopUpButtonExample.entitlements;
				CODE_SIGN_STYLE = Automatic;
				COMBINE_HIDPI_IMAGES = YES;
				CURRENT_PROJECT_VERSION = 1;
				DEVELOPMENT_TEAM = S9QFG2VH2E;
				ENABLE_HARDENED_RUNTIME = YES;
				GENERATE_INFOPLIST_FILE = YES;
				INFOPLIST_KEY_NSHumanReadableCopyright = "";
				INFOPLIST_KEY_NSMainStoryboardFile = Main;
				INFOPLIST_KEY_NSPrincipalClass = NSApplication;
				LD_RUNPATH_SEARCH_PATHS = (
					"$(inherited)",
					"@executable_path/../Frameworks",
				);
				MARKETING_VERSION = 1.0;
				PRODUCT_BUNDLE_IDENTIFIER = com.LeoNatan.LNSearchablePopUpButtonExample;
				PRODUCT_NAME = "$(TARGET_NAME)";
				SWIFT_EMIT_LOC_STRINGS = YES;
				SWIFT_VERSION = 5.0;
			};
			name = Release;
		};
/* End XCBuildConfiguration section */

/* Begin XCConfigurationList section */
		3965BAB3293CA05B00D86171 /* Build configuration list for PBXProject "LNSearchablePopUpButtonExample" */ = {
			isa = XCConfigurationList;
			buildConfigurations = (
				3965BAC5293CA05C00D86171 /* Debug */,
				3965BAC6293CA05C00D86171 /* Release */,
			);
			defaultConfigurationIsVisible = 0;
			defaultConfigurationName = Release;
		};
		3965BAC7293CA05C00D86171 /* Build configuration list for PBXNativeTarget "LNSearchablePopUpButtonExample" */ = {
			isa = XCConfigurationList;
			buildConfigurations = (
				3965BAC8293CA05C00D86171 /* Debug */,
				3965BAC9293CA05C00D86171 /* Release */,
			);
			defaultConfigurationIsVisible = 0;
			defaultConfigurationName = Release;
		};
/* End XCConfigurationList section */

/* Begin XCSwiftPackageProductDependency section */
		39A65912293CAC24001EC602 /* LNSearchablePopUpButton */ = {
			isa = XCSwiftPackageProductDependency;
			productName = LNSearchablePopUpButton;
		};
/* End XCSwiftPackageProductDependency section */
	};
	rootObject = 3965BAB0293CA05B00D86171 /* Project object */;
}
